
Microsoft Visual Studio Solution File, Format Version 12.00
# Visual Studio 2013
VisualStudioVersion = 12.0.40629.0
MinimumVisualStudioVersion = 10.0.40219.1
Project("{8BC9CEB8-8B4A-11D0-8D11-00A0C91BC942}") = "MxnetTestApp", "MxnetTestApp.vcxproj", "{B1C99034-DA2A-43F6-B8C3-C7DC4EED5EB7}"
EndProject
Project("{8BC9CEB8-8B4A-11D0-8D11-00A0C91BC942}") = "dmlccore", "..\..\..\dmlc-core\windows\dmlccore.vcxproj", "{DEAFBF3D-A308-4CE5-949C-C8B1E7DB88C9}"
EndProject
Project("{8BC9CEB8-8B4A-11D0-8D11-00A0C91BC942}") = "seq2seq", "..\seq2seq\seq2seq.vcxproj", "{EB47100A-A513-4AC2-B904-225912EC8A65}"
EndProject
Project("{8BC9CEB8-8B4A-11D0-8D11-00A0C91BC942}") = "MXNETCommon", "..\MXNETCommon\MXNETCommon.vcxproj", "{24727AE8-1A23-4F19-B077-4929CD8F0168}"
EndProject
Global
	GlobalSection(SolutionConfigurationPlatforms) = preSolution
		Debug|x64 = Debug|x64
		MinSizeRel|x64 = MinSizeRel|x64
		Release|x64 = Release|x64
		RelWithDebInfo|x64 = RelWithDebInfo|x64
	EndGlobalSection
	GlobalSection(ProjectConfigurationPlatforms) = postSolution
		{B1C99034-DA2A-43F6-B8C3-C7DC4EED5EB7}.Debug|x64.ActiveCfg = Debug|x64
		{B1C99034-DA2A-43F6-B8C3-C7DC4EED5EB7}.Debug|x64.Build.0 = Debug|x64
		{B1C99034-DA2A-43F6-B8C3-C7DC4EED5EB7}.MinSizeRel|x64.ActiveCfg = Release|x64
		{B1C99034-DA2A-43F6-B8C3-C7DC4EED5EB7}.MinSizeRel|x64.Build.0 = Release|x64
		{B1C99034-DA2A-43F6-B8C3-C7DC4EED5EB7}.Release|x64.ActiveCfg = Release|x64
		{B1C99034-DA2A-43F6-B8C3-C7DC4EED5EB7}.Release|x64.Build.0 = Release|x64
		{B1C99034-DA2A-43F6-B8C3-C7DC4EED5EB7}.RelWithDebInfo|x64.ActiveCfg = Release|x64
		{B1C99034-DA2A-43F6-B8C3-C7DC4EED5EB7}.RelWithDebInfo|x64.Build.0 = Release|x64
		{DEAFBF3D-A308-4CE5-949C-C8B1E7DB88C9}.Debug|x64.ActiveCfg = Debug|x64
		{DEAFBF3D-A308-4CE5-949C-C8B1E7DB88C9}.Debug|x64.Build.0 = Debug|x64
		{DEAFBF3D-A308-4CE5-949C-C8B1E7DB88C9}.MinSizeRel|x64.ActiveCfg = MinSizeRel|x64
		{DEAFBF3D-A308-4CE5-949C-C8B1E7DB88C9}.MinSizeRel|x64.Build.0 = MinSizeRel|x64
		{DEAFBF3D-A308-4CE5-949C-C8B1E7DB88C9}.Release|x64.ActiveCfg = Release|x64
		{DEAFBF3D-A308-4CE5-949C-C8B1E7DB88C9}.Release|x64.Build.0 = Release|x64
		{DEAFBF3D-A308-4CE5-949C-C8B1E7DB88C9}.RelWithDebInfo|x64.ActiveCfg = RelWithDebInfo|x64
		{DEAFBF3D-A308-4CE5-949C-C8B1E7DB88C9}.RelWithDebInfo|x64.Build.0 = RelWithDebInfo|x64
		{EB47100A-A513-4AC2-B904-225912EC8A65}.Debug|x64.ActiveCfg = Debug|x64
		{EB47100A-A513-4AC2-B904-225912EC8A65}.Debug|x64.Build.0 = Debug|x64
		{EB47100A-A513-4AC2-B904-225912EC8A65}.MinSizeRel|x64.ActiveCfg = Release|x64
		{EB47100A-A513-4AC2-B904-225912EC8A65}.MinSizeRel|x64.Build.0 = Release|x64
		{EB47100A-A513-4AC2-B904-225912EC8A65}.Release|x64.ActiveCfg = Release|x64
		{EB47100A-A513-4AC2-B904-225912EC8A65}.Release|x64.Build.0 = Release|x64
		{EB47100A-A513-4AC2-B904-225912EC8A65}.RelWithDebInfo|x64.ActiveCfg = Release|x64
		{EB47100A-A513-4AC2-B904-225912EC8A65}.RelWithDebInfo|x64.Build.0 = Release|x64
		{24727AE8-1A23-4F19-B077-4929CD8F0168}.Debug|x64.ActiveCfg = Debug|x64
		{24727AE8-1A23-4F19-B077-4929CD8F0168}.Debug|x64.Build.0 = Debug|x64
		{24727AE8-1A23-4F19-B077-4929CD8F0168}.MinSizeRel|x64.ActiveCfg = Release|Win32
		{24727AE8-1A23-4F19-B077-4929CD8F0168}.Release|x64.ActiveCfg = Release|Win32
		{24727AE8-1A23-4F19-B077-4929CD8F0168}.RelWithDebInfo|x64.ActiveCfg = Release|Win32
	EndGlobalSection
	GlobalSection(SolutionProperties) = preSolution
		HideSolutionNode = FALSE
	EndGlobalSection
EndGlobal
